
Microsoft Visual Studio Solution File, Format Version 12.00
# Visual Studio Version 17
VisualStudioVersion = 17.5.33502.453
MinimumVisualStudioVersion = 10.0.40219.1
Project("{FAE04EC0-301F-11D3-BF4B-00C04F79EFBC}") = "DropDownListAsp", "DropDownListAsp.csproj", "{67EC206C-CFE6-4AB4-8189-CA71CAD5431B}"
EndProject
Global
	GlobalSection(SolutionConfigurationPlatforms) = preSolution
		Debug|Any CPU = Debug|Any CPU
		Release|Any CPU = Release|Any CPU
	EndGlobalSection
	GlobalSection(ProjectConfigurationPlatforms) = postSolution
		{67EC206C-CFE6-4AB4-8189-CA71CAD5431B}.Debug|Any CPU.ActiveCfg = Debug|Any CPU
		{67EC206C-CFE6-4AB4-8189-CA71CAD5431B}.Debug|Any CPU.Build.0 = Debug|Any CPU
		{67EC206C-CFE6-4AB4-8189-CA71CAD5431B}.Release|Any CPU.ActiveCfg = Release|Any CPU
		{67EC206C-CFE6-4AB4-8189-CA71CAD5431B}.Release|Any CPU.Build.0 = Release|Any CPU
	EndGlobalSection
	GlobalSection(SolutionProperties) = preSolution
		HideSolutionNode = FALSE
	EndGlobalSection
	GlobalSection(ExtensibilityGlobals) = postSolution
		SolutionGuid = {A47D8E60-D58C-45F2-9DB3-C75EF6948F24}
	EndGlobalSection
EndGlobal
