
Microsoft Visual Studio Solution File, Format Version 12.00
# Visual Studio Version 17
VisualStudioVersion = 17.4.33122.133
MinimumVisualStudioVersion = 10.0.40219.1
Project("{FAE04EC0-301F-11D3-BF4B-00C04F79EFBC}") = "StringManipulation", "StringManipulation\StringManipulation.csproj", "{AAA0467A-429A-4034-AC0D-C1C9C438F5FA}"
EndProject
Project("{FAE04EC0-301F-11D3-BF4B-00C04F79EFBC}") = "DotNetDependencies", "..\..\..\..\DotNetReinforcement\DotNetReinforcement\DotNetDependencies\DotNetDependencies.csproj", "{E648EAF6-B683-47AF-862F-3C3FCDA03A7A}"
EndProject
Global
	GlobalSection(SolutionConfigurationPlatforms) = preSolution
		Debug|Any CPU = Debug|Any CPU
		Release|Any CPU = Release|Any CPU
	EndGlobalSection
	GlobalSection(ProjectConfigurationPlatforms) = postSolution
		{AAA0467A-429A-4034-AC0D-C1C9C438F5FA}.Debug|Any CPU.ActiveCfg = Debug|Any CPU
		{AAA0467A-429A-4034-AC0D-C1C9C438F5FA}.Debug|Any CPU.Build.0 = Debug|Any CPU
		{AAA0467A-429A-4034-AC0D-C1C9C438F5FA}.Release|Any CPU.ActiveCfg = Release|Any CPU
		{AAA0467A-429A-4034-AC0D-C1C9C438F5FA}.Release|Any CPU.Build.0 = Release|Any CPU
		{E648EAF6-B683-47AF-862F-3C3FCDA03A7A}.Debug|Any CPU.ActiveCfg = Debug|Any CPU
		{E648EAF6-B683-47AF-862F-3C3FCDA03A7A}.Debug|Any CPU.Build.0 = Debug|Any CPU
		{E648EAF6-B683-47AF-862F-3C3FCDA03A7A}.Release|Any CPU.ActiveCfg = Release|Any CPU
		{E648EAF6-B683-47AF-862F-3C3FCDA03A7A}.Release|Any CPU.Build.0 = Release|Any CPU
	EndGlobalSection
	GlobalSection(SolutionProperties) = preSolution
		HideSolutionNode = FALSE
	EndGlobalSection
	GlobalSection(ExtensibilityGlobals) = postSolution
		SolutionGuid = {79B0FE5F-73D5-4097-BBAC-F6E7657F5A44}
	EndGlobalSection
EndGlobal
