
Microsoft Visual Studio Solution File, Format Version 12.00
# Visual Studio Version 17
VisualStudioVersion = 17.5.33502.453
MinimumVisualStudioVersion = 10.0.40219.1
Project("{9A19103F-16F7-4668-BE54-9A1E7A4F7556}") = "testEf", "testEf.csproj", "{9529EE9A-AED7-4BD6-B74E-74C8B951DD92}"
EndProject
Global
	GlobalSection(SolutionConfigurationPlatforms) = preSolution
		Debug|Any CPU = Debug|Any CPU
		Release|Any CPU = Release|Any CPU
	EndGlobalSection
	GlobalSection(ProjectConfigurationPlatforms) = postSolution
		{9529EE9A-AED7-4BD6-B74E-74C8B951DD92}.Debug|Any CPU.ActiveCfg = Debug|Any CPU
		{9529EE9A-AED7-4BD6-B74E-74C8B951DD92}.Debug|Any CPU.Build.0 = Debug|Any CPU
		{9529EE9A-AED7-4BD6-B74E-74C8B951DD92}.Release|Any CPU.ActiveCfg = Release|Any CPU
		{9529EE9A-AED7-4BD6-B74E-74C8B951DD92}.Release|Any CPU.Build.0 = Release|Any CPU
	EndGlobalSection
	GlobalSection(SolutionProperties) = preSolution
		HideSolutionNode = FALSE
	EndGlobalSection
	GlobalSection(ExtensibilityGlobals) = postSolution
		SolutionGuid = {275D6733-33F0-459E-A0FA-CE29751F1CBD}
	EndGlobalSection
EndGlobal
